{
  "requires": true,
  "lockfileVersion": 1,
  "dependencies": {
    "dependy": {
      "version": "1.0.2",
      "resolved": "https://registry.npmjs.org/dependy/-/dependy-1.0.2.tgz",
      "integrity": "sha512-MBBSbFxyosdIabtE4DVhXTZfPwAZN0gmi/5OqMgl7ntmA8gWMHt2khs985TWloXeQ979jdXWBh0vWBiWazxKWA=="
    }
  }
}
